
Microsoft Visual Studio Solution File, Format Version 12.00
# Visual Studio Version 17
VisualStudioVersion = 17.10.35013.160
MinimumVisualStudioVersion = 10.0.40219.1
Project("{9A19103F-16F7-4668-BE54-9A1E7A4F7556}") = "App.Repositories", "Repositories\App.Repositories.csproj", "{3D18F149-D805-4F56-B3B6-ED945571DE1B}"
EndProject
Project("{9A19103F-16F7-4668-BE54-9A1E7A4F7556}") = "App.Services", "Services\App.Services.csproj", "{EDC9C30D-60EC-4B8C-859B-40780AE70379}"
EndProject
Project("{9A19103F-16F7-4668-BE54-9A1E7A4F7556}") = "App.API", "App.API\App.API.csproj", "{4313479B-F638-4D84-99D9-304D9C9AD31D}"
EndProject
Project("{2150E333-8FDC-42A3-9474-1A3956D46DE8}") = "NLayer", "NLayer", "{825F3CA7-A280-4D4F-AD25-BDC33623497D}"
EndProject
Project("{2150E333-8FDC-42A3-9474-1A3956D46DE8}") = "CleanArchitecture", "CleanArchitecture", "{C1393E8B-28CD-49F3-9BDE-6A010CF60E4E}"
EndProject
Project("{2150E333-8FDC-42A3-9474-1A3956D46DE8}") = "Src", "Src", "{74D03414-C4C9-41FF-9616-05780892144F}"
EndProject
Project("{2150E333-8FDC-42A3-9474-1A3956D46DE8}") = "Test", "Test", "{76131764-C9B7-4752-8614-07619F9C45B1}"
EndProject
Project("{2150E333-8FDC-42A3-9474-1A3956D46DE8}") = "Core", "Core", "{FD7759D5-FEA2-4FE1-B1C3-3FA6FE8CBD4F}"
EndProject
Project("{9A19103F-16F7-4668-BE54-9A1E7A4F7556}") = "App.Domain", "App.Domain\App.Domain.csproj", "{4455C2FA-FBF2-4754-A8F5-B391DE8417A3}"
EndProject
Project("{9A19103F-16F7-4668-BE54-9A1E7A4F7556}") = "App.Application", "App.Application\App.Application.csproj", "{09E7DAAF-132F-4173-AC60-C5E6E157A9D4}"
EndProject
Project("{2150E333-8FDC-42A3-9474-1A3956D46DE8}") = "Infasturcture", "Infasturcture", "{C4996F20-3B6F-41CA-B154-39F2B01B7A3B}"
EndProject
Project("{9A19103F-16F7-4668-BE54-9A1E7A4F7556}") = "App.Persistence", "App.Persistence\App.Persistence.csproj", "{32E26679-9770-4192-BC4F-E3F7AA829AE6}"
EndProject
Project("{2150E333-8FDC-42A3-9474-1A3956D46DE8}") = "API", "API", "{1A4B43B3-C623-4E0F-AE41-92481F763FE5}"
EndProject
Project("{9A19103F-16F7-4668-BE54-9A1E7A4F7556}") = "CleanApp.API", "CleanApp.API\CleanApp.API.csproj", "{55B68415-3F01-4999-B0ED-5BB856ABACDB}"
EndProject
Project("{FAE04EC0-301F-11D3-BF4B-00C04F79EFBC}") = "App.Caching", "App.Caching\App.Caching.csproj", "{E9C21FEE-6DDE-44D6-BFF5-985E1B4CAF72}"
EndProject
Global
	GlobalSection(SolutionConfigurationPlatforms) = preSolution
		Debug|Any CPU = Debug|Any CPU
		Release|Any CPU = Release|Any CPU
	EndGlobalSection
	GlobalSection(ProjectConfigurationPlatforms) = postSolution
		{3D18F149-D805-4F56-B3B6-ED945571DE1B}.Debug|Any CPU.ActiveCfg = Debug|Any CPU
		{3D18F149-D805-4F56-B3B6-ED945571DE1B}.Debug|Any CPU.Build.0 = Debug|Any CPU
		{3D18F149-D805-4F56-B3B6-ED945571DE1B}.Release|Any CPU.ActiveCfg = Release|Any CPU
		{3D18F149-D805-4F56-B3B6-ED945571DE1B}.Release|Any CPU.Build.0 = Release|Any CPU
		{EDC9C30D-60EC-4B8C-859B-40780AE70379}.Debug|Any CPU.ActiveCfg = Debug|Any CPU
		{EDC9C30D-60EC-4B8C-859B-40780AE70379}.Debug|Any CPU.Build.0 = Debug|Any CPU
		{EDC9C30D-60EC-4B8C-859B-40780AE70379}.Release|Any CPU.ActiveCfg = Release|Any CPU
		{EDC9C30D-60EC-4B8C-859B-40780AE70379}.Release|Any CPU.Build.0 = Release|Any CPU
		{4313479B-F638-4D84-99D9-304D9C9AD31D}.Debug|Any CPU.ActiveCfg = Debug|Any CPU
		{4313479B-F638-4D84-99D9-304D9C9AD31D}.Debug|Any CPU.Build.0 = Debug|Any CPU
		{4313479B-F638-4D84-99D9-304D9C9AD31D}.Release|Any CPU.ActiveCfg = Release|Any CPU
		{4313479B-F638-4D84-99D9-304D9C9AD31D}.Release|Any CPU.Build.0 = Release|Any CPU
		{4455C2FA-FBF2-4754-A8F5-B391DE8417A3}.Debug|Any CPU.ActiveCfg = Debug|Any CPU
		{4455C2FA-FBF2-4754-A8F5-B391DE8417A3}.Debug|Any CPU.Build.0 = Debug|Any CPU
		{4455C2FA-FBF2-4754-A8F5-B391DE8417A3}.Release|Any CPU.ActiveCfg = Release|Any CPU
		{4455C2FA-FBF2-4754-A8F5-B391DE8417A3}.Release|Any CPU.Build.0 = Release|Any CPU
		{09E7DAAF-132F-4173-AC60-C5E6E157A9D4}.Debug|Any CPU.ActiveCfg = Debug|Any CPU
		{09E7DAAF-132F-4173-AC60-C5E6E157A9D4}.Debug|Any CPU.Build.0 = Debug|Any CPU
		{09E7DAAF-132F-4173-AC60-C5E6E157A9D4}.Release|Any CPU.ActiveCfg = Release|Any CPU
		{09E7DAAF-132F-4173-AC60-C5E6E157A9D4}.Release|Any CPU.Build.0 = Release|Any CPU
		{32E26679-9770-4192-BC4F-E3F7AA829AE6}.Debug|Any CPU.ActiveCfg = Debug|Any CPU
		{32E26679-9770-4192-BC4F-E3F7AA829AE6}.Debug|Any CPU.Build.0 = Debug|Any CPU
		{32E26679-9770-4192-BC4F-E3F7AA829AE6}.Release|Any CPU.ActiveCfg = Release|Any CPU
		{32E26679-9770-4192-BC4F-E3F7AA829AE6}.Release|Any CPU.Build.0 = Release|Any CPU
		{55B68415-3F01-4999-B0ED-5BB856ABACDB}.Debug|Any CPU.ActiveCfg = Debug|Any CPU
		{55B68415-3F01-4999-B0ED-5BB856ABACDB}.Debug|Any CPU.Build.0 = Debug|Any CPU
		{55B68415-3F01-4999-B0ED-5BB856ABACDB}.Release|Any CPU.ActiveCfg = Release|Any CPU
		{55B68415-3F01-4999-B0ED-5BB856ABACDB}.Release|Any CPU.Build.0 = Release|Any CPU
		{E9C21FEE-6DDE-44D6-BFF5-985E1B4CAF72}.Debug|Any CPU.ActiveCfg = Debug|Any CPU
		{E9C21FEE-6DDE-44D6-BFF5-985E1B4CAF72}.Debug|Any CPU.Build.0 = Debug|Any CPU
		{E9C21FEE-6DDE-44D6-BFF5-985E1B4CAF72}.Release|Any CPU.ActiveCfg = Release|Any CPU
		{E9C21FEE-6DDE-44D6-BFF5-985E1B4CAF72}.Release|Any CPU.Build.0 = Release|Any CPU
	EndGlobalSection
	GlobalSection(SolutionProperties) = preSolution
		HideSolutionNode = FALSE
	EndGlobalSection
	GlobalSection(NestedProjects) = preSolution
		{3D18F149-D805-4F56-B3B6-ED945571DE1B} = {825F3CA7-A280-4D4F-AD25-BDC33623497D}
		{EDC9C30D-60EC-4B8C-859B-40780AE70379} = {825F3CA7-A280-4D4F-AD25-BDC33623497D}
		{4313479B-F638-4D84-99D9-304D9C9AD31D} = {825F3CA7-A280-4D4F-AD25-BDC33623497D}
		{74D03414-C4C9-41FF-9616-05780892144F} = {C1393E8B-28CD-49F3-9BDE-6A010CF60E4E}
		{76131764-C9B7-4752-8614-07619F9C45B1} = {C1393E8B-28CD-49F3-9BDE-6A010CF60E4E}
		{FD7759D5-FEA2-4FE1-B1C3-3FA6FE8CBD4F} = {74D03414-C4C9-41FF-9616-05780892144F}
		{4455C2FA-FBF2-4754-A8F5-B391DE8417A3} = {FD7759D5-FEA2-4FE1-B1C3-3FA6FE8CBD4F}
		{09E7DAAF-132F-4173-AC60-C5E6E157A9D4} = {FD7759D5-FEA2-4FE1-B1C3-3FA6FE8CBD4F}
		{C4996F20-3B6F-41CA-B154-39F2B01B7A3B} = {74D03414-C4C9-41FF-9616-05780892144F}
		{32E26679-9770-4192-BC4F-E3F7AA829AE6} = {C4996F20-3B6F-41CA-B154-39F2B01B7A3B}
		{1A4B43B3-C623-4E0F-AE41-92481F763FE5} = {74D03414-C4C9-41FF-9616-05780892144F}
		{55B68415-3F01-4999-B0ED-5BB856ABACDB} = {1A4B43B3-C623-4E0F-AE41-92481F763FE5}
		{E9C21FEE-6DDE-44D6-BFF5-985E1B4CAF72} = {C4996F20-3B6F-41CA-B154-39F2B01B7A3B}
	EndGlobalSection
	GlobalSection(ExtensibilityGlobals) = postSolution
		SolutionGuid = {E5E1E4DE-7B95-4D45-8405-CA5B749E865D}
	EndGlobalSection
EndGlobal
